{"filter":false,"title":"Gemfile.lock","tooltip":"/modulo_02/crypto_wallet/Gemfile.lock","undoManager":{"mark":-1,"position":-1,"stack":[]},"ace":{"folds":[],"scrolltop":3540,"scrollleft":0,"selection":{"start":{"row":0,"column":0},"end":{"row":0,"column":0},"isBackwards":false},"options":{"guessTabSize":true,"useWrapMode":false,"wrapToView":true},"firstLineState":{"row":220,"state":"start","mode":"ace/mode/text"}},"timestamp":1594836570480,"hash":"97a353fe72864791e063bc34f8fe72706851be3c"}